// !$*UTF8*$!
{
	archiveVersion = 1;
	classes = {
	};
	objectVersion = 46;
	objects = {

/* Begin PBXBuildFile section */
		855DA0491DD5CA0500F65961 /* AppDelegate.swift in Sources */ = {isa = PBXBuildFile; fileRef = 855DA0481DD5CA0500F65961 /* AppDelegate.swift */; };
		855DA04B1DD5CA0500F65961 /* ViewController.swift in Sources */ = {isa = PBXBuildFile; fileRef = 855DA04A1DD5CA0500F65961 /* ViewController.swift */; };
		855DA04E1DD5CA0500F65961 /* Main.storyboard in Resources */ = {isa = PBXBuildFile; fileRef = 855DA04C1DD5CA0500F65961 /* Main.storyboard */; };
		855DA0501DD5CA0500F65961 /* Assets.xcassets in Resources */ = {isa = PBXBuildFile; fileRef = 855DA04F1DD5CA0500F65961 /* Assets.xcassets */; };
		855DA0531DD5CA0500F65961 /* LaunchScreen.storyboard in Resources */ = {isa = PBXBuildFile; fileRef = 855DA0511DD5CA0500F65961 /* LaunchScreen.storyboard */; };
		855DA05E1DD5CA0600F65961 /* PitchPerfectTests.swift in Sources */ = {isa = PBXBuildFile; fileRef = 855DA05D1DD5CA0600F65961 /* PitchPerfectTests.swift */; };
		855DA0691DD5CA0600F65961 /* PitchPerfectUITests.swift in Sources */ = {isa = PBXBuildFile; fileRef = 855DA0681DD5CA0600F65961 /* PitchPerfectUITests.swift */; };
/* End PBXBuildFile section */

/* Begin PBXContainerItemProxy section */
		855DA05A1DD5CA0600F65961 /* PBXContainerItemProxy */ = {
			isa = PBXContainerItemProxy;
			containerPortal = 855DA03D1DD5CA0500F65961 /* Project object */;
			proxyType = 1;
			remoteGlobalIDString = 855DA0441DD5CA0500F65961;
			remoteInfo = PitchPerfect;
		};
		855DA0651DD5CA0600F65961 /* PBXContainerItemProxy */ = {
			isa = PBXContainerItemProxy;
			containerPortal = 855DA03D1DD5CA0500F65961 /* Project object */;
			proxyType = 1;
			remoteGlobalIDString = 855DA0441DD5CA0500F65961;
			remoteInfo = PitchPerfect;
		};
/* End PBXContainerItemProxy section */

/* Begin PBXFileReference section */
		855DA0451DD5CA0500F65961 /* PitchPerfect.app */ = {isa = PBXFileReference; explicitFileType = wrapper.application; includeInIndex = 0; path = PitchPerfect.app; sourceTree = BUILT_PRODUCTS_DIR; };
		855DA0481DD5CA0500F65961 /* AppDelegate.swift */ = {isa = PBXFileReference; lastKnownFileType = sourcecode.swift; path = AppDelegate.swift; sourceTree = "<group>"; };
		855DA04A1DD5CA0500F65961 /* ViewController.swift */ = {isa = PBXFileReference; lastKnownFileType = sourcecode.swift; path = ViewController.swift; sourceTree = "<group>"; };
		855DA04D1DD5CA0500F65961 /* Base */ = {isa = PBXFileReference; lastKnownFileType = file.storyboard; name = Base; path = Base.lproj/Main.storyboard; sourceTree = "<group>"; };
		855DA04F1DD5CA0500F65961 /* Assets.xcassets */ = {isa = PBXFileReference; lastKnownFileType = folder.assetcatalog; path = Assets.xcassets; sourceTree = "<group>"; };
		855DA0521DD5CA0500F65961 /* Base */ = {isa = PBXFileReference; lastKnownFileType = file.storyboard; name = Base; path = Base.lproj/LaunchScreen.storyboard; sourceTree = "<group>"; };
		855DA0541DD5CA0500F65961 /* Info.plist */ = {isa = PBXFileReference; lastKnownFileType = text.plist.xml; path = Info.plist; sourceTree = "<group>"; };
		855DA0591DD5CA0600F65961 /* PitchPerfectTests.xctest */ = {isa = PBXFileReference; explicitFileType = wrapper.cfbundle; includeInIndex = 0; path = PitchPerfectTests.xctest; sourceTree = BUILT_PRODUCTS_DIR; };
		855DA05D1DD5CA0600F65961 /* PitchPerfectTests.swift */ = {isa = PBXFileReference; lastKnownFileType = sourcecode.swift; path = PitchPerfectTests.swift; sourceTree = "<group>"; };
		855DA05F1DD5CA0600F65961 /* Info.plist */ = {isa = PBXFileReference; lastKnownFileType = text.plist.xml; path = Info.plist; sourceTree = "<group>"; };
		855DA0641DD5CA0600F65961 /* PitchPerfectUITests.xctest */ = {isa = PBXFileReference; explicitFileType = wrapper.cfbundle; includeInIndex = 0; path = PitchPerfectUITests.xctest; sourceTree = BUILT_PRODUCTS_DIR; };
		855DA0681DD5CA0600F65961 /* PitchPerfectUITests.swift */ = {isa = PBXFileReference; lastKnownFileType = sourcecode.swift; path = PitchPerfectUITests.swift; sourceTree = "<group>"; };
		855DA06A1DD5CA0600F65961 /* Info.plist */ = {isa = PBXFileReference; lastKnownFileType = text.plist.xml; path = Info.plist; sourceTree = "<group>"; };
/* End PBXFileReference section */

/* Begin PBXFrameworksBuildPhase section */
		855DA0421DD5CA0500F65961 /* Frameworks */ = {
			isa = PBXFrameworksBuildPhase;
			buildActionMask = 2147483647;
			files = (
			);
			runOnlyForDeploymentPostprocessing = 0;
		};
		855DA0561DD5CA0600F65961 /* Frameworks */ = {
			isa = PBXFrameworksBuildPhase;
			buildActionMask = 2147483647;
			files = (
			);
			runOnlyForDeploymentPostprocessing = 0;
		};
		855DA0611DD5CA0600F65961 /* Frameworks */ = {
			isa = PBXFrameworksBuildPhase;
			buildActionMask = 2147483647;
			files = (
			);
			runOnlyForDeploymentPostprocessing = 0;
		};
/* End PBXFrameworksBuildPhase section */

/* Begin PBXGroup section */
		855DA03C1DD5CA0500F65961 = {
			isa = PBXGroup;
			children = (
				855DA0471DD5CA0500F65961 /* PitchPerfect */,
				855DA05C1DD5CA0600F65961 /* PitchPerfectTests */,
				855DA0671DD5CA0600F65961 /* PitchPerfectUITests */,
				855DA0461DD5CA0500F65961 /* Products */,
			);
			sourceTree = "<group>";
		};
		855DA0461DD5CA0500F65961 /* Products */ = {
			isa = PBXGroup;
			children = (
				855DA0451DD5CA0500F65961 /* PitchPerfect.app */,
				855DA0591DD5CA0600F65961 /* PitchPerfectTests.xctest */,
				855DA0641DD5CA0600F65961 /* PitchPerfectUITests.xctest */,
			);
			name = Products;
			sourceTree = "<group>";
		};
		855DA0471DD5CA0500F65961 /* PitchPerfect */ = {
			isa = PBXGroup;
			children = (
				855DA0481DD5CA0500F65961 /* AppDelegate.swift */,
				855DA04A1DD5CA0500F65961 /* ViewController.swift */,
				855DA04C1DD5CA0500F65961 /* Main.storyboard */,
				855DA04F1DD5CA0500F65961 /* Assets.xcassets */,
				855DA0511DD5CA0500F65961 /* LaunchScreen.storyboard */,
				855DA0541DD5CA0500F65961 /* Info.plist */,
			);
			path = PitchPerfect;
			sourceTree = "<group>";
		};
		855DA05C1DD5CA0600F65961 /* PitchPerfectTests */ = {
			isa = PBXGroup;
			children = (
				855DA05D1DD5CA0600F65961 /* PitchPerfectTests.swift */,
				855DA05F1DD5CA0600F65961 /* Info.plist */,
			);
			path = PitchPerfectTests;
			sourceTree = "<group>";
		};
		855DA0671DD5CA0600F65961 /* PitchPerfectUITests */ = {
			isa = PBXGroup;
			children = (
				855DA0681DD5CA0600F65961 /* PitchPerfectUITests.swift */,
				855DA06A1DD5CA0600F65961 /* Info.plist */,
			);
			path = PitchPerfectUITests;
			sourceTree = "<group>";
		};
/* End PBXGroup section */

/* Begin PBXNativeTarget section */
		855DA0441DD5CA0500F65961 /* PitchPerfect */ = {
			isa = PBXNativeTarget;
			buildConfigurationList = 855DA06D1DD5CA0600F65961 /* Build configuration list for PBXNativeTarget "PitchPerfect" */;
			buildPhases = (
				855DA0411DD5CA0500F65961 /* Sources */,
				855DA0421DD5CA0500F65961 /* Frameworks */,
				855DA0431DD5CA0500F65961 /* Resources */,
			);
			buildRules = (
			);
			dependencies = (
			);
			name = PitchPerfect;
			productName = PitchPerfect;
			productReference = 855DA0451DD5CA0500F65961 /* PitchPerfect.app */;
			productType = "com.apple.product-type.application";
		};
		855DA0581DD5CA0600F65961 /* PitchPerfectTests */ = {
			isa = PBXNativeTarget;
			buildConfigurationList = 855DA0701DD5CA0600F65961 /* Build configuration list for PBXNativeTarget "PitchPerfectTests" */;
			buildPhases = (
				855DA0551DD5CA0600F65961 /* Sources */,
				855DA0561DD5CA0600F65961 /* Frameworks */,
				855DA0571DD5CA0600F65961 /* Resources */,
			);
			buildRules = (
			);
			dependencies = (
				855DA05B1DD5CA0600F65961 /* PBXTargetDependency */,
			);
			name = PitchPerfectTests;
			productName = PitchPerfectTests;
			productReference = 855DA0591DD5CA0600F65961 /* PitchPerfectTests.xctest */;
			productType = "com.apple.product-type.bundle.unit-test";
		};
		855DA0631DD5CA0600F65961 /* PitchPerfectUITests */ = {
			isa = PBXNativeTarget;
			buildConfigurationList = 855DA0731DD5CA0600F65961 /* Build configuration list for PBXNativeTarget "PitchPerfectUITests" */;
			buildPhases = (
				855DA0601DD5CA0600F65961 /* Sources */,
				855DA0611DD5CA0600F65961 /* Frameworks */,
				855DA0621DD5CA0600F65961 /* Resources */,
			);
			buildRules = (
			);
			dependencies = (
				855DA0661DD5CA0600F65961 /* PBXTargetDependency */,
			);
			name = PitchPerfectUITests;
			productName = PitchPerfectUITests;
			productReference = 855DA0641DD5CA0600F65961 /* PitchPerfectUITests.xctest */;
			productType = "com.apple.product-type.bundle.ui-testing";
		};
/* End PBXNativeTarget section */

/* Begin PBXProject section */
		855DA03D1DD5CA0500F65961 /* Project object */ = {
			isa = PBXProject;
			attributes = {
				LastSwiftUpdateCheck = 0730;
				LastUpgradeCheck = 0730;
				ORGANIZATIONNAME = "Chidiebube Amos";
				TargetAttributes = {
					855DA0441DD5CA0500F65961 = {
						CreatedOnToolsVersion = 7.3.1;
					};
					855DA0581DD5CA0600F65961 = {
						CreatedOnToolsVersion = 7.3.1;
						TestTargetID = 855DA0441DD5CA0500F65961;
					};
					855DA0631DD5CA0600F65961 = {
						CreatedOnToolsVersion = 7.3.1;
						TestTargetID = 855DA0441DD5CA0500F65961;
					};
				};
			};
			buildConfigurationList = 855DA0401DD5CA0500F65961 /* Build configuration list for PBXProject "PitchPerfect" */;
			compatibilityVersion = "Xcode 3.2";
			developmentRegion = English;
			hasScannedForEncodings = 0;
			knownRegions = (
				en,
				Base,
			);
			mainGroup = 855DA03C1DD5CA0500F65961;
			productRefGroup = 855DA0461DD5CA0500F65961 /* Products */;
			projectDirPath = "";
			projectRoot = "";
			targets = (
				855DA0441DD5CA0500F65961 /* PitchPerfect */,
				855DA0581DD5CA0600F65961 /* PitchPerfectTests */,
				855DA0631DD5CA0600F65961 /* PitchPerfectUITests */,
			);
		};
/* End PBXProject section */

/* Begin PBXResourcesBuildPhase section */
		855DA0431DD5CA0500F65961 /* Resources */ = {
			isa = PBXResourcesBuildPhase;
			buildActionMask = 2147483647;
			files = (
				855DA0531DD5CA0500F65961 /* LaunchScreen.storyboard in Resources */,
				855DA0501DD5CA0500F65961 /* Assets.xcassets in Resources */,
				855DA04E1DD5CA0500F65961 /* Main.storyboard in Resources */,
			);
			runOnlyForDeploymentPostprocessing = 0;
		};
		855DA0571DD5CA0600F65961 /* Resources */ = {
			isa = PBXResourcesBuildPhase;
			buildActionMask = 2147483647;
			files = (
			);
			runOnlyForDeploymentPostprocessing = 0;
		};
		855DA0621DD5CA0600F65961 /* Resources */ = {
			isa = PBXResourcesBuildPhase;
			buildActionMask = 2147483647;
			files = (
			);
			runOnlyForDeploymentPostprocessing = 0;
		};
/* End PBXResourcesBuildPhase section */

/* Begin PBXSourcesBuildPhase section */
		855DA0411DD5CA0500F65961 /* Sources */ = {
			isa = PBXSourcesBuildPhase;
			buildActionMask = 2147483647;
			files = (
				855DA04B1DD5CA0500F65961 /* ViewController.swift in Sources */,
				855DA0491DD5CA0500F65961 /* AppDelegate.swift in Sources */,
			);
			runOnlyForDeploymentPostprocessing = 0;
		};
		855DA0551DD5CA0600F65961 /* Sources */ = {
			isa = PBXSourcesBuildPhase;
			buildActionMask = 2147483647;
			files = (
				855DA05E1DD5CA0600F65961 /* PitchPerfectTests.swift in Sources */,
			);
			runOnlyForDeploymentPostprocessing = 0;
		};
		855DA0601DD5CA0600F65961 /* Sources */ = {
			isa = PBXSourcesBuildPhase;
			buildActionMask = 2147483647;
			files = (
				855DA0691DD5CA0600F65961 /* PitchPerfectUITests.swift in Sources */,
			);
			runOnlyForDeploymentPostprocessing = 0;
		};
/* End PBXSourcesBuildPhase section */

/* Begin PBXTargetDependency section */
		855DA05B1DD5CA0600F65961 /* PBXTargetDependency */ = {
			isa = PBXTargetDependency;
			target = 855DA0441DD5CA0500F65961 /* PitchPerfect */;
			targetProxy = 855DA05A1DD5CA0600F65961 /* PBXContainerItemProxy */;
		};
		855DA0661DD5CA0600F65961 /* PBXTargetDependency */ = {
			isa = PBXTargetDependency;
			target = 855DA0441DD5CA0500F65961 /* PitchPerfect */;
			targetProxy = 855DA0651DD5CA0600F65961 /* PBXContainerItemProxy */;
		};
/* End PBXTargetDependency section */

/* Begin PBXVariantGroup section */
		855DA04C1DD5CA0500F65961 /* Main.storyboard */ = {
			isa = PBXVariantGroup;
			children = (
				855DA04D1DD5CA0500F65961 /* Base */,
			);
			name = Main.storyboard;
			sourceTree = "<group>";
		};
		855DA0511DD5CA0500F65961 /* LaunchScreen.storyboard */ = {
			isa = PBXVariantGroup;
			children = (
				855DA0521DD5CA0500F65961 /* Base */,
			);
			name = LaunchScreen.storyboard;
			sourceTree = "<group>";
		};
/* End PBXVariantGroup section */

/* Begin XCBuildConfiguration section */
		855DA06B1DD5CA0600F65961 /* Debug */ = {
			isa = XCBuildConfiguration;
			buildSettings = {
				ALWAYS_SEARCH_USER_PATHS = NO;
				CLANG_ANALYZER_NONNULL = YES;
				CLANG_CXX_LANGUAGE_STANDARD = "gnu++0x";
				CLANG_CXX_LIBRARY = "libc++";
				CLANG_ENABLE_MODULES = YES;
				CLANG_ENABLE_OBJC_ARC = YES;
				CLANG_WARN_BOOL_CONVERSION = YES;
				CLANG_WARN_CONSTANT_CONVERSION = YES;
				CLANG_WARN_DIRECT_OBJC_ISA_USAGE = YES_ERROR;
				CLANG_WARN_EMPTY_BODY = YES;
				CLANG_WARN_ENUM_CONVERSION = YES;
				CLANG_WARN_INT_CONVERSION = YES;
				CLANG_WARN_OBJC_ROOT_CLASS = YES_ERROR;
				CLANG_WARN_UNREACHABLE_CODE = YES;
				CLANG_WARN__DUPLICATE_METHOD_MATCH = YES;
				"CODE_SIGN_IDENTITY[sdk=iphoneos*]" = "iPhone Developer";
				COPY_PHASE_STRIP = NO;
				DEBUG_INFORMATION_FORMAT = dwarf;
				ENABLE_STRICT_OBJC_MSGSEND = YES;
				ENABLE_TESTABILITY = YES;
				GCC_C_LANGUAGE_STANDARD = gnu99;
				GCC_DYNAMIC_NO_PIC = NO;
				GCC_NO_COMMON_BLOCKS = YES;
				GCC_OPTIMIZATION_LEVEL = 0;
				GCC_PREPROCESSOR_DEFINITIONS = (
					"DEBUG=1",
					"$(inherited)",
				);
				GCC_WARN_64_TO_32_BIT_CONVERSION = YES;
				GCC_WARN_ABOUT_RETURN_TYPE = YES_ERROR;
				GCC_WARN_UNDECLARED_SELECTOR = YES;
				GCC_WARN_UNINITIALIZED_AUTOS = YES_AGGRESSIVE;
				GCC_WARN_UNUSED_FUNCTION = YES;
				GCC_WARN_UNUSED_VARIABLE = YES;
				IPHONEOS_DEPLOYMENT_TARGET = 9.3;
				MTL_ENABLE_DEBUG_INFO = YES;
				ONLY_ACTIVE_ARCH = YES;
				SDKROOT = iphoneos;
				SWIFT_OPTIMIZATION_LEVEL = "-Onone";
			};
			name = Debug;
		};
		855DA06C1DD5CA0600F65961 /* Release */ = {
			isa = XCBuildConfiguration;
			buildSettings = {
				ALWAYS_SEARCH_USER_PATHS = NO;
				CLANG_ANALYZER_NONNULL = YES;
				CLANG_CXX_LANGUAGE_STANDARD = "gnu++0x";
				CLANG_CXX_LIBRARY = "libc++";
				CLANG_ENABLE_MODULES = YES;
				CLANG_ENABLE_OBJC_ARC = YES;
				CLANG_WARN_BOOL_CONVERSION = YES;
				CLANG_WARN_CONSTANT_CONVERSION = YES;
				CLANG_WARN_DIRECT_OBJC_ISA_USAGE = YES_ERROR;
				CLANG_WARN_EMPTY_BODY = YES;
				CLANG_WARN_ENUM_CONVERSION = YES;
				CLANG_WARN_INT_CONVERSION = YES;
				CLANG_WARN_OBJC_ROOT_CLASS = YES_ERROR;
				CLANG_WARN_UNREACHABLE_CODE = YES;
				CLANG_WARN__DUPLICATE_METHOD_MATCH = YES;
				"CODE_SIGN_IDENTITY[sdk=iphoneos*]" = "iPhone Developer";
				COPY_PHASE_STRIP = NO;
				DEBUG_INFORMATION_FORMAT = "dwarf-with-dsym";
				ENABLE_NS_ASSERTIONS = NO;
				ENABLE_STRICT_OBJC_MSGSEND = YES;
				GCC_C_LANGUAGE_STANDARD = gnu99;
				GCC_NO_COMMON_BLOCKS = YES;
				GCC_WARN_64_TO_32_BIT_CONVERSION = YES;
				GCC_WARN_ABOUT_RETURN_TYPE = YES_ERROR;
				GCC_WARN_UNDECLARED_SELECTOR = YES;
				GCC_WARN_UNINITIALIZED_AUTOS = YES_AGGRESSIVE;
				GCC_WARN_UNUSED_FUNCTION = YES;
				GCC_WARN_UNUSED_VARIABLE = YES;
				IPHONEOS_DEPLOYMENT_TARGET = 9.3;
				MTL_ENABLE_DEBUG_INFO = NO;
				SDKROOT = iphoneos;
				VALIDATE_PRODUCT = YES;
			};
			name = Release;
		};
		855DA06E1DD5CA0600F65961 /* Debug */ = {
			isa = XCBuildConfiguration;
			buildSettings = {
				ASSETCATALOG_COMPILER_APPICON_NAME = AppIcon;
				INFOPLIST_FILE = PitchPerfect/Info.plist;
				LD_RUNPATH_SEARCH_PATHS = "$(inherited) @executable_path/Frameworks";
				PRODUCT_BUNDLE_IDENTIFIER = Bube.PitchPerfect;
				PRODUCT_NAME = "$(TARGET_NAME)";
			};
			name = Debug;
		};
		855DA06F1DD5CA0600F65961 /* Release */ = {
			isa = XCBuildConfiguration;
			buildSettings = {
				ASSETCATALOG_COMPILER_APPICON_NAME = AppIcon;
				INFOPLIST_FILE = PitchPerfect/Info.plist;
				LD_RUNPATH_SEARCH_PATHS = "$(inherited) @executable_path/Frameworks";
				PRODUCT_BUNDLE_IDENTIFIER = Bube.PitchPerfect;
				PRODUCT_NAME = "$(TARGET_NAME)";
			};
			name = Release;
		};
		855DA0711DD5CA0600F65961 /* Debug */ = {
			isa = XCBuildConfiguration;
			buildSettings = {
				BUNDLE_LOADER = "$(TEST_HOST)";
				INFOPLIST_FILE = PitchPerfectTests/Info.plist;
				LD_RUNPATH_SEARCH_PATHS = "$(inherited) @executable_path/Frameworks @loader_path/Frameworks";
				PRODUCT_BUNDLE_IDENTIFIER = Bube.PitchPerfectTests;
				PRODUCT_NAME = "$(TARGET_NAME)";
				TEST_HOST = "$(BUILT_PRODUCTS_DIR)/PitchPerfect.app/PitchPerfect";
			};
			name = Debug;
		};
		855DA0721DD5CA0600F65961 /* Release */ = {
			isa = XCBuildConfiguration;
			buildSettings = {
				BUNDLE_LOADER = "$(TEST_HOST)";
				INFOPLIST_FILE = PitchPerfectTests/Info.plist;
				LD_RUNPATH_SEARCH_PATHS = "$(inherited) @executable_path/Frameworks @loader_path/Frameworks";
				PRODUCT_BUNDLE_IDENTIFIER = Bube.PitchPerfectTests;
				PRODUCT_NAME = "$(TARGET_NAME)";
				TEST_HOST = "$(BUILT_PRODUCTS_DIR)/PitchPerfect.app/PitchPerfect";
			};
			name = Release;
		};
		855DA0741DD5CA0600F65961 /* Debug */ = {
			isa = XCBuildConfiguration;
			buildSettings = {
				INFOPLIST_FILE = PitchPerfectUITests/Info.plist;
				LD_RUNPATH_SEARCH_PATHS = "$(inherited) @executable_path/Frameworks @loader_path/Frameworks";
				PRODUCT_BUNDLE_IDENTIFIER = Bube.PitchPerfectUITests;
				PRODUCT_NAME = "$(TARGET_NAME)";
				TEST_TARGET_NAME = PitchPerfect;
			};
			name = Debug;
		};
		855DA0751DD5CA0600F65961 /* Release */ = {
			isa = XCBuildConfiguration;
			buildSettings = {
				INFOPLIST_FILE = PitchPerfectUITests/Info.plist;
				LD_RUNPATH_SEARCH_PATHS = "$(inherited) @executable_path/Frameworks @loader_path/Frameworks";
				PRODUCT_BUNDLE_IDENTIFIER = Bube.PitchPerfectUITests;
				PRODUCT_NAME = "$(TARGET_NAME)";
				TEST_TARGET_NAME = PitchPerfect;
			};
			name = Release;
		};
/* End XCBuildConfiguration section */

/* Begin XCConfigurationList section */
		855DA0401DD5CA0500F65961 /* Build configuration list for PBXProject "PitchPerfect" */ = {
			isa = XCConfigurationList;
			buildConfigurations = (
				855DA06B1DD5CA0600F65961 /* Debug */,
				855DA06C1DD5CA0600F65961 /* Release */,
			);
			defaultConfigurationIsVisible = 0;
			defaultConfigurationName = Release;
		};
		855DA06D1DD5CA0600F65961 /* Build configuration list for PBXNativeTarget "PitchPerfect" */ = {
			isa = XCConfigurationList;
			buildConfigurations = (
				855DA06E1DD5CA0600F65961 /* Debug */,
				855DA06F1DD5CA0600F65961 /* Release */,
			);
			defaultConfigurationIsVisible = 0;
		};
		855DA0701DD5CA0600F65961 /* Build configuration list for PBXNativeTarget "PitchPerfectTests" */ = {
			isa = XCConfigurationList;
			buildConfigurations = (
				855DA0711DD5CA0600F65961 /* Debug */,
				855DA0721DD5CA0600F65961 /* Release */,
			);
			defaultConfigurationIsVisible = 0;
		};
		855DA0731DD5CA0600F65961 /* Build configuration list for PBXNativeTarget "PitchPerfectUITests" */ = {
			isa = XCConfigurationList;
			buildConfigurations = (
				855DA0741DD5CA0600F65961 /* Debug */,
				855DA0751DD5CA0600F65961 /* Release */,
			);
			defaultConfigurationIsVisible = 0;
		};
/* End XCConfigurationList section */
	};
	rootObject = 855DA03D1DD5CA0500F65961 /* Project object */;
}
